
Microsoft Visual Studio Solution File, Format Version 12.00
# Visual Studio Version 17
VisualStudioVersion = 17.10.35004.147
MinimumVisualStudioVersion = 10.0.40219.1
Project("{FAE04EC0-301F-11D3-BF4B-00C04F79EFBC}") = "PracticeTracker", "PracticeTracker.csproj", "{37705C66-8475-46E7-ABF2-3C4DC7995BD4}"
	ProjectSection(ProjectDependencies) = postProject
		{41392936-78FA-4FA7-90F1-97C432DC589C} = {41392936-78FA-4FA7-90F1-97C432DC589C}
		{515EFCE3-AD94-400F-965B-ADAC1374C5F9} = {515EFCE3-AD94-400F-965B-ADAC1374C5F9}
	EndProjectSection
EndProject
Project("{FAE04EC0-301F-11D3-BF4B-00C04F79EFBC}") = "PracticeTracker.Domain", "..\PracticeTracker.Domain\PracticeTracker.Domain.csproj", "{11573C9B-14AA-4FBB-82A9-8DD624E2C017}"
EndProject
Project("{FAE04EC0-301F-11D3-BF4B-00C04F79EFBC}") = "PracticeTracker.Infrastructure", "..\PracticeTracker.Infrastructure\PracticeTracker.Infrastructure.csproj", "{41392936-78FA-4FA7-90F1-97C432DC589C}"
	ProjectSection(ProjectDependencies) = postProject
		{11573C9B-14AA-4FBB-82A9-8DD624E2C017} = {11573C9B-14AA-4FBB-82A9-8DD624E2C017}
	EndProjectSection
EndProject
Project("{FAE04EC0-301F-11D3-BF4B-00C04F79EFBC}") = "PracticeTracker.Application", "..\PracticeTracker.Application\PracticeTracker.Application.csproj", "{515EFCE3-AD94-400F-965B-ADAC1374C5F9}"
	ProjectSection(ProjectDependencies) = postProject
		{11573C9B-14AA-4FBB-82A9-8DD624E2C017} = {11573C9B-14AA-4FBB-82A9-8DD624E2C017}
	EndProjectSection
EndProject
Project("{FAE04EC0-301F-11D3-BF4B-00C04F79EFBC}") = "DTO", "..\DTO\DTO.csproj", "{A3767EAA-364F-4FD5-94DD-48FC808C35E3}"
EndProject
Global
	GlobalSection(SolutionConfigurationPlatforms) = preSolution
		Debug|Any CPU = Debug|Any CPU
		Release|Any CPU = Release|Any CPU
	EndGlobalSection
	GlobalSection(ProjectConfigurationPlatforms) = postSolution
		{37705C66-8475-46E7-ABF2-3C4DC7995BD4}.Debug|Any CPU.ActiveCfg = Debug|Any CPU
		{37705C66-8475-46E7-ABF2-3C4DC7995BD4}.Debug|Any CPU.Build.0 = Debug|Any CPU
		{37705C66-8475-46E7-ABF2-3C4DC7995BD4}.Release|Any CPU.ActiveCfg = Release|Any CPU
		{37705C66-8475-46E7-ABF2-3C4DC7995BD4}.Release|Any CPU.Build.0 = Release|Any CPU
		{11573C9B-14AA-4FBB-82A9-8DD624E2C017}.Debug|Any CPU.ActiveCfg = Debug|Any CPU
		{11573C9B-14AA-4FBB-82A9-8DD624E2C017}.Debug|Any CPU.Build.0 = Debug|Any CPU
		{11573C9B-14AA-4FBB-82A9-8DD624E2C017}.Release|Any CPU.ActiveCfg = Release|Any CPU
		{11573C9B-14AA-4FBB-82A9-8DD624E2C017}.Release|Any CPU.Build.0 = Release|Any CPU
		{41392936-78FA-4FA7-90F1-97C432DC589C}.Debug|Any CPU.ActiveCfg = Debug|Any CPU
		{41392936-78FA-4FA7-90F1-97C432DC589C}.Debug|Any CPU.Build.0 = Debug|Any CPU
		{41392936-78FA-4FA7-90F1-97C432DC589C}.Release|Any CPU.ActiveCfg = Release|Any CPU
		{41392936-78FA-4FA7-90F1-97C432DC589C}.Release|Any CPU.Build.0 = Release|Any CPU
		{515EFCE3-AD94-400F-965B-ADAC1374C5F9}.Debug|Any CPU.ActiveCfg = Debug|Any CPU
		{515EFCE3-AD94-400F-965B-ADAC1374C5F9}.Debug|Any CPU.Build.0 = Debug|Any CPU
		{515EFCE3-AD94-400F-965B-ADAC1374C5F9}.Release|Any CPU.ActiveCfg = Release|Any CPU
		{515EFCE3-AD94-400F-965B-ADAC1374C5F9}.Release|Any CPU.Build.0 = Release|Any CPU
		{A3767EAA-364F-4FD5-94DD-48FC808C35E3}.Debug|Any CPU.ActiveCfg = Debug|Any CPU
		{A3767EAA-364F-4FD5-94DD-48FC808C35E3}.Debug|Any CPU.Build.0 = Debug|Any CPU
		{A3767EAA-364F-4FD5-94DD-48FC808C35E3}.Release|Any CPU.ActiveCfg = Release|Any CPU
		{A3767EAA-364F-4FD5-94DD-48FC808C35E3}.Release|Any CPU.Build.0 = Release|Any CPU
	EndGlobalSection
	GlobalSection(SolutionProperties) = preSolution
		HideSolutionNode = FALSE
	EndGlobalSection
	GlobalSection(ExtensibilityGlobals) = postSolution
		SolutionGuid = {59CA372F-012E-46F3-8AC1-FA0F40F655AE}
	EndGlobalSection
EndGlobal
