<?xml version="1.0" encoding="utf-8"?>
<Project Sdk="Microsoft.NET.Sdk">
  <PropertyGroup>
    <TargetFramework>net8.0</TargetFramework>
  </PropertyGroup>

  <ItemGroup>
    <ProjectReference Include="..\PracticeTracker.API\PracticeTracker.API.csproj" />
    <ProjectReference Include="..\PracticeTracker.UnitTests\PracticeTracker.UnitTests.csproj" />
    <ProjectReference Include="..\PracticeTracker.IntegrationTests\PracticeTracker.IntegrationTests.csproj" />
  </ItemGroup>
</Project>
